
Microsoft Visual Studio Solution File, Format Version 12.00
# Visual Studio Version 16
VisualStudioVersion = 16.6.30114.105
MinimumVisualStudioVersion = 10.0.40219.1
Project("{FAE04EC0-301F-11D3-BF4B-00C04F79EFBC}") = "BlazorBackgroundService.Infrastructure", "src\BlazorBackgroundService.Infrastructure\BlazorBackgroundService.Infrastructure.csproj", "{33B2CB35-F1F0-46EB-B285-174208B80FDE}"
EndProject
Project("{FAE04EC0-301F-11D3-BF4B-00C04F79EFBC}") = "BlazorBackgroundService.Domain", "src\BlazorBackgroundService.Domain\BlazorBackgroundService.Domain.csproj", "{F499B860-5B2E-4D85-AFAE-ED7698C398FB}"
EndProject
Project("{FAE04EC0-301F-11D3-BF4B-00C04F79EFBC}") = "BlazorBackgroundService.Application", "src\BlazorBackgroundService.Application\BlazorBackgroundService.Application.csproj", "{0E9B5898-FE75-40D8-BBF7-006ECFC95F5C}"
EndProject
Project("{FAE04EC0-301F-11D3-BF4B-00C04F79EFBC}") = "BlazorBackgroundService.UnitTests", "tests\BlazorBackgroundService.UnitTests\BlazorBackgroundService.UnitTests.csproj", "{813D2946-8EFC-4BA9-8E87-E91F9F77B717}"
EndProject
Global
	GlobalSection(SolutionConfigurationPlatforms) = preSolution
		Debug|Any CPU = Debug|Any CPU
		Debug|x64 = Debug|x64
		Debug|x86 = Debug|x86
		Release|Any CPU = Release|Any CPU
		Release|x64 = Release|x64
		Release|x86 = Release|x86
	EndGlobalSection
	GlobalSection(SolutionProperties) = preSolution
		HideSolutionNode = FALSE
	EndGlobalSection
	GlobalSection(ProjectConfigurationPlatforms) = postSolution
		{33B2CB35-F1F0-46EB-B285-174208B80FDE}.Debug|Any CPU.ActiveCfg = Debug|Any CPU
		{33B2CB35-F1F0-46EB-B285-174208B80FDE}.Debug|Any CPU.Build.0 = Debug|Any CPU
		{33B2CB35-F1F0-46EB-B285-174208B80FDE}.Debug|x64.ActiveCfg = Debug|Any CPU
		{33B2CB35-F1F0-46EB-B285-174208B80FDE}.Debug|x64.Build.0 = Debug|Any CPU
		{33B2CB35-F1F0-46EB-B285-174208B80FDE}.Debug|x86.ActiveCfg = Debug|Any CPU
		{33B2CB35-F1F0-46EB-B285-174208B80FDE}.Debug|x86.Build.0 = Debug|Any CPU
		{33B2CB35-F1F0-46EB-B285-174208B80FDE}.Release|Any CPU.ActiveCfg = Release|Any CPU
		{33B2CB35-F1F0-46EB-B285-174208B80FDE}.Release|Any CPU.Build.0 = Release|Any CPU
		{33B2CB35-F1F0-46EB-B285-174208B80FDE}.Release|x64.ActiveCfg = Release|Any CPU
		{33B2CB35-F1F0-46EB-B285-174208B80FDE}.Release|x64.Build.0 = Release|Any CPU
		{33B2CB35-F1F0-46EB-B285-174208B80FDE}.Release|x86.ActiveCfg = Release|Any CPU
		{33B2CB35-F1F0-46EB-B285-174208B80FDE}.Release|x86.Build.0 = Release|Any CPU
		{F499B860-5B2E-4D85-AFAE-ED7698C398FB}.Debug|Any CPU.ActiveCfg = Debug|Any CPU
		{F499B860-5B2E-4D85-AFAE-ED7698C398FB}.Debug|Any CPU.Build.0 = Debug|Any CPU
		{F499B860-5B2E-4D85-AFAE-ED7698C398FB}.Debug|x64.ActiveCfg = Debug|Any CPU
		{F499B860-5B2E-4D85-AFAE-ED7698C398FB}.Debug|x64.Build.0 = Debug|Any CPU
		{F499B860-5B2E-4D85-AFAE-ED7698C398FB}.Debug|x86.ActiveCfg = Debug|Any CPU
		{F499B860-5B2E-4D85-AFAE-ED7698C398FB}.Debug|x86.Build.0 = Debug|Any CPU
		{F499B860-5B2E-4D85-AFAE-ED7698C398FB}.Release|Any CPU.ActiveCfg = Release|Any CPU
		{F499B860-5B2E-4D85-AFAE-ED7698C398FB}.Release|Any CPU.Build.0 = Release|Any CPU
		{F499B860-5B2E-4D85-AFAE-ED7698C398FB}.Release|x64.ActiveCfg = Release|Any CPU
		{F499B860-5B2E-4D85-AFAE-ED7698C398FB}.Release|x64.Build.0 = Release|Any CPU
		{F499B860-5B2E-4D85-AFAE-ED7698C398FB}.Release|x86.ActiveCfg = Release|Any CPU
		{F499B860-5B2E-4D85-AFAE-ED7698C398FB}.Release|x86.Build.0 = Release|Any CPU
		{0E9B5898-FE75-40D8-BBF7-006ECFC95F5C}.Debug|Any CPU.ActiveCfg = Debug|Any CPU
		{0E9B5898-FE75-40D8-BBF7-006ECFC95F5C}.Debug|Any CPU.Build.0 = Debug|Any CPU
		{0E9B5898-FE75-40D8-BBF7-006ECFC95F5C}.Debug|x64.ActiveCfg = Debug|Any CPU
		{0E9B5898-FE75-40D8-BBF7-006ECFC95F5C}.Debug|x64.Build.0 = Debug|Any CPU
		{0E9B5898-FE75-40D8-BBF7-006ECFC95F5C}.Debug|x86.ActiveCfg = Debug|Any CPU
		{0E9B5898-FE75-40D8-BBF7-006ECFC95F5C}.Debug|x86.Build.0 = Debug|Any CPU
		{0E9B5898-FE75-40D8-BBF7-006ECFC95F5C}.Release|Any CPU.ActiveCfg = Release|Any CPU
		{0E9B5898-FE75-40D8-BBF7-006ECFC95F5C}.Release|Any CPU.Build.0 = Release|Any CPU
		{0E9B5898-FE75-40D8-BBF7-006ECFC95F5C}.Release|x64.ActiveCfg = Release|Any CPU
		{0E9B5898-FE75-40D8-BBF7-006ECFC95F5C}.Release|x64.Build.0 = Release|Any CPU
		{0E9B5898-FE75-40D8-BBF7-006ECFC95F5C}.Release|x86.ActiveCfg = Release|Any CPU
		{0E9B5898-FE75-40D8-BBF7-006ECFC95F5C}.Release|x86.Build.0 = Release|Any CPU
		{813D2946-8EFC-4BA9-8E87-E91F9F77B717}.Debug|Any CPU.ActiveCfg = Debug|Any CPU
		{813D2946-8EFC-4BA9-8E87-E91F9F77B717}.Debug|Any CPU.Build.0 = Debug|Any CPU
		{813D2946-8EFC-4BA9-8E87-E91F9F77B717}.Debug|x64.ActiveCfg = Debug|Any CPU
		{813D2946-8EFC-4BA9-8E87-E91F9F77B717}.Debug|x64.Build.0 = Debug|Any CPU
		{813D2946-8EFC-4BA9-8E87-E91F9F77B717}.Debug|x86.ActiveCfg = Debug|Any CPU
		{813D2946-8EFC-4BA9-8E87-E91F9F77B717}.Debug|x86.Build.0 = Debug|Any CPU
		{813D2946-8EFC-4BA9-8E87-E91F9F77B717}.Release|Any CPU.ActiveCfg = Release|Any CPU
		{813D2946-8EFC-4BA9-8E87-E91F9F77B717}.Release|Any CPU.Build.0 = Release|Any CPU
		{813D2946-8EFC-4BA9-8E87-E91F9F77B717}.Release|x64.ActiveCfg = Release|Any CPU
		{813D2946-8EFC-4BA9-8E87-E91F9F77B717}.Release|x64.Build.0 = Release|Any CPU
		{813D2946-8EFC-4BA9-8E87-E91F9F77B717}.Release|x86.ActiveCfg = Release|Any CPU
		{813D2946-8EFC-4BA9-8E87-E91F9F77B717}.Release|x86.Build.0 = Release|Any CPU
	EndGlobalSection
EndGlobal
